
Microsoft Visual Studio Solution File, Format Version 12.00
# Visual Studio 15
VisualStudioVersion = 15.0.27130.2036
MinimumVisualStudioVersion = 10.0.40219.1
Project("{2150E333-8FDC-42A3-9474-1A3956D46DE8}") = "Solution Items", "Solution Items", "{99F0F8B6-79F2-45FB-A5B7-5A3CD731A43D}"
	ProjectSection(SolutionItems) = preProject
		Dockerfile = Dockerfile
		README.md = README.md
	EndProjectSection
EndProject
Project("{9A19103F-16F7-4668-BE54-9A1E7A4F7556}") = "opcplc", "opcplc\opcplc.csproj", "{49BA517C-B1B5-4433-BD82-CA8216BCCCD4}"
EndProject
Project("{2150E333-8FDC-42A3-9474-1A3956D46DE8}") = "docker", "docker", "{690F65D8-25E4-48CF-8E15-2A393D142A97}"
EndProject
Project("{2150E333-8FDC-42A3-9474-1A3956D46DE8}") = "linux", "linux", "{B9D64D0B-B7DD-4006-B4B3-F04C92E0D95C}"
EndProject
Project("{2150E333-8FDC-42A3-9474-1A3956D46DE8}") = "windows", "windows", "{5C878AD2-B8AF-4FE5-BA2A-3652D95B829D}"
EndProject
Project("{2150E333-8FDC-42A3-9474-1A3956D46DE8}") = "amd64", "amd64", "{983295C8-35B4-4A0F-A717-4FFE1D69BF91}"
	ProjectSection(SolutionItems) = preProject
		Dockerfile = Dockerfile
		docker\linux\amd64\Dockerfile.debug = docker\linux\amd64\Dockerfile.debug
		docker\linux\amd64\Dockerfile.ssh = docker\linux\amd64\Dockerfile.ssh
	EndProjectSection
EndProject
Project("{2150E333-8FDC-42A3-9474-1A3956D46DE8}") = "arm32v7", "arm32v7", "{6E535AF6-7915-41E6-A898-276AC55E23E8}"
	ProjectSection(SolutionItems) = preProject
		docker\linux\arm32v7\Dockerfile = docker\linux\arm32v7\Dockerfile
	EndProjectSection
EndProject
Project("{2150E333-8FDC-42A3-9474-1A3956D46DE8}") = "amd64", "amd64", "{D08E6B12-FC44-41F6-B0A3-3C41A789CC30}"
	ProjectSection(SolutionItems) = preProject
		docker\windows\amd64\Dockerfile = docker\windows\amd64\Dockerfile
	EndProjectSection
EndProject
Global
	GlobalSection(SolutionConfigurationPlatforms) = preSolution
		Debug|Any CPU = Debug|Any CPU
		Release|Any CPU = Release|Any CPU
	EndGlobalSection
	GlobalSection(ProjectConfigurationPlatforms) = postSolution
		{49BA517C-B1B5-4433-BD82-CA8216BCCCD4}.Debug|Any CPU.ActiveCfg = Debug|Any CPU
		{49BA517C-B1B5-4433-BD82-CA8216BCCCD4}.Debug|Any CPU.Build.0 = Debug|Any CPU
		{49BA517C-B1B5-4433-BD82-CA8216BCCCD4}.Release|Any CPU.ActiveCfg = Release|Any CPU
		{49BA517C-B1B5-4433-BD82-CA8216BCCCD4}.Release|Any CPU.Build.0 = Release|Any CPU
	EndGlobalSection
	GlobalSection(SolutionProperties) = preSolution
		HideSolutionNode = FALSE
	EndGlobalSection
	GlobalSection(NestedProjects) = preSolution
		{690F65D8-25E4-48CF-8E15-2A393D142A97} = {99F0F8B6-79F2-45FB-A5B7-5A3CD731A43D}
		{B9D64D0B-B7DD-4006-B4B3-F04C92E0D95C} = {690F65D8-25E4-48CF-8E15-2A393D142A97}
		{5C878AD2-B8AF-4FE5-BA2A-3652D95B829D} = {690F65D8-25E4-48CF-8E15-2A393D142A97}
		{983295C8-35B4-4A0F-A717-4FFE1D69BF91} = {B9D64D0B-B7DD-4006-B4B3-F04C92E0D95C}
		{6E535AF6-7915-41E6-A898-276AC55E23E8} = {B9D64D0B-B7DD-4006-B4B3-F04C92E0D95C}
		{D08E6B12-FC44-41F6-B0A3-3C41A789CC30} = {5C878AD2-B8AF-4FE5-BA2A-3652D95B829D}
	EndGlobalSection
	GlobalSection(ExtensibilityGlobals) = postSolution
		SolutionGuid = {90B4B490-DDDE-4BB2-A111-E5DAE5000248}
	EndGlobalSection
EndGlobal
