
Microsoft Visual Studio Solution File, Format Version 12.00
# Visual Studio Version 17
VisualStudioVersion = 17.4.33205.214
MinimumVisualStudioVersion = 10.0.40219.1
Project("{2150E333-8FDC-42A3-9474-1A3956D46DE8}") = "Solution Items", "Solution Items", "{99F0F8B6-79F2-45FB-A5B7-5A3CD731A43D}"
	ProjectSection(SolutionItems) = preProject
		.editorconfig = .editorconfig
		azure-pipelines.yml = azure-pipelines.yml
		common.props = common.props
		deterministic-alarms.md = deterministic-alarms.md
		README.md = README.md
		version.json = version.json
	EndProjectSection
EndProject
Project("{9A19103F-16F7-4668-BE54-9A1E7A4F7556}") = "opc-plc", "src\opc-plc.csproj", "{7CAC7271-E0D2-4BB5-A9FB-D6EE4EDFE19D}"
EndProject
Project("{2150E333-8FDC-42A3-9474-1A3956D46DE8}") = "tools", "tools", "{5DD19E36-0601-491E-932A-E6AB807AD85C}"
EndProject
Project("{2150E333-8FDC-42A3-9474-1A3956D46DE8}") = "scripts", "scripts", "{5C55721F-4E2A-4DEF-864F-17D68BEBC3DB}"
	ProjectSection(SolutionItems) = preProject
		tools\scripts\acr-build.ps1 = tools\scripts\acr-build.ps1
		tools\scripts\acr-matrix.ps1 = tools\scripts\acr-matrix.ps1
		tools\scripts\build.ps1 = tools\scripts\build.ps1
		tools\scripts\docker-build.ps1 = tools\scripts\docker-build.ps1
		tools\scripts\docker-source.ps1 = tools\scripts\docker-source.ps1
		tools\scripts\get-matrix.ps1 = tools\scripts\get-matrix.ps1
		tools\scripts\get-root.ps1 = tools\scripts\get-root.ps1
		tools\scripts\get-version.ps1 = tools\scripts\get-version.ps1
		tools\scripts\set-version.ps1 = tools\scripts\set-version.ps1
	EndProjectSection
EndProject
Project("{2150E333-8FDC-42A3-9474-1A3956D46DE8}") = "templates", "templates", "{E32C2238-5380-471E-B15E-4B11A8C27528}"
	ProjectSection(SolutionItems) = preProject
		tools\templates\acrbuild.yml = tools\templates\acrbuild.yml
		tools\templates\azuredeploy.opcplc.aci.json = tools\templates\azuredeploy.opcplc.aci.json
		tools\templates\ci.yml = tools\templates\ci.yml
		.github\workflows\codeql-analysis.yml = .github\workflows\codeql-analysis.yml
	EndProjectSection
EndProject
Project("{9A19103F-16F7-4668-BE54-9A1E7A4F7556}") = "opc-plc-tests", "tests\opc-plc-tests.csproj", "{978DA9FC-4211-46CE-8548-D16E3DC3550F}"
EndProject
Global
	GlobalSection(SolutionConfigurationPlatforms) = preSolution
		Debug|Any CPU = Debug|Any CPU
		Release|Any CPU = Release|Any CPU
	EndGlobalSection
	GlobalSection(ProjectConfigurationPlatforms) = postSolution
		{7CAC7271-E0D2-4BB5-A9FB-D6EE4EDFE19D}.Debug|Any CPU.ActiveCfg = Debug|Any CPU
		{7CAC7271-E0D2-4BB5-A9FB-D6EE4EDFE19D}.Debug|Any CPU.Build.0 = Debug|Any CPU
		{7CAC7271-E0D2-4BB5-A9FB-D6EE4EDFE19D}.Release|Any CPU.ActiveCfg = Release|Any CPU
		{7CAC7271-E0D2-4BB5-A9FB-D6EE4EDFE19D}.Release|Any CPU.Build.0 = Release|Any CPU
		{978DA9FC-4211-46CE-8548-D16E3DC3550F}.Debug|Any CPU.ActiveCfg = Debug|Any CPU
		{978DA9FC-4211-46CE-8548-D16E3DC3550F}.Debug|Any CPU.Build.0 = Debug|Any CPU
		{978DA9FC-4211-46CE-8548-D16E3DC3550F}.Release|Any CPU.ActiveCfg = Release|Any CPU
		{978DA9FC-4211-46CE-8548-D16E3DC3550F}.Release|Any CPU.Build.0 = Release|Any CPU
	EndGlobalSection
	GlobalSection(SolutionProperties) = preSolution
		HideSolutionNode = FALSE
	EndGlobalSection
	GlobalSection(NestedProjects) = preSolution
		{5DD19E36-0601-491E-932A-E6AB807AD85C} = {99F0F8B6-79F2-45FB-A5B7-5A3CD731A43D}
		{5C55721F-4E2A-4DEF-864F-17D68BEBC3DB} = {5DD19E36-0601-491E-932A-E6AB807AD85C}
		{E32C2238-5380-471E-B15E-4B11A8C27528} = {5DD19E36-0601-491E-932A-E6AB807AD85C}
	EndGlobalSection
	GlobalSection(ExtensibilityGlobals) = postSolution
		SolutionGuid = {90B4B490-DDDE-4BB2-A111-E5DAE5000248}
	EndGlobalSection
EndGlobal
